
Microsoft Visual Studio Solution File, Format Version 12.00
# Visual Studio Version 16
VisualStudioVersion = 16.0.31729.503
MinimumVisualStudioVersion = 10.0.40219.1
Project("{930C7802-8A8C-48F9-8165-68863BCCD9DD}") = "Bootstrapper", "Bootstrapper\Bootstrapper.wixproj", "{A9ECEC1D-4B9E-485F-AD4B-2C8DD2B75848}"
	ProjectSection(ProjectDependencies) = postProject
		{0F03C1AF-8F3F-474C-949F-29F1189B3698} = {0F03C1AF-8F3F-474C-949F-29F1189B3698}
	EndProjectSection
EndProject
Project("{FAE04EC0-301F-11D3-BF4B-00C04F79EFBC}") = "InstallerUI", "InstallerUI\InstallerUI.csproj", "{0F03C1AF-8F3F-474C-949F-29F1189B3698}"
EndProject
Project("{2150E333-8FDC-42A3-9474-1A3956D46DE8}") = "Solution Items", "Solution Items", "{1A8C9A8F-9D6E-480C-BA07-57F23BCFFFE3}"
	ProjectSection(SolutionItems) = preProject
		Publish\gurdent\GrdDrivers.exe = Publish\gurdent\GrdDrivers.exe
		Publish\WebViewUpdate\MicrosoftEdgeWebview2Setup.exe = Publish\WebViewUpdate\MicrosoftEdgeWebview2Setup.exe
		Publish\pcmflash\pcmflash-1.2.0.exe = Publish\pcmflash\pcmflash-1.2.0.exe
		Publish\scanmatic\Scanmatik_2.21.2beta31_Setup.exe = Publish\scanmatic\Scanmatik_2.21.2beta31_Setup.exe
		Publish\pcmtuner\Setup.msi = Publish\pcmtuner\Setup.msi
	EndProjectSection
EndProject
Global
	GlobalSection(SolutionConfigurationPlatforms) = preSolution
		Debug|Any CPU = Debug|Any CPU
		Debug|Mixed Platforms = Debug|Mixed Platforms
		Debug|x86 = Debug|x86
		Release|Any CPU = Release|Any CPU
		Release|Mixed Platforms = Release|Mixed Platforms
		Release|x86 = Release|x86
	EndGlobalSection
	GlobalSection(ProjectConfigurationPlatforms) = postSolution
		{A9ECEC1D-4B9E-485F-AD4B-2C8DD2B75848}.Debug|Any CPU.ActiveCfg = Debug|x86
		{A9ECEC1D-4B9E-485F-AD4B-2C8DD2B75848}.Debug|Mixed Platforms.ActiveCfg = Debug|x86
		{A9ECEC1D-4B9E-485F-AD4B-2C8DD2B75848}.Debug|Mixed Platforms.Build.0 = Debug|x86
		{A9ECEC1D-4B9E-485F-AD4B-2C8DD2B75848}.Debug|x86.ActiveCfg = Debug|x86
		{A9ECEC1D-4B9E-485F-AD4B-2C8DD2B75848}.Debug|x86.Build.0 = Debug|x86
		{A9ECEC1D-4B9E-485F-AD4B-2C8DD2B75848}.Release|Any CPU.ActiveCfg = Release|x86
		{A9ECEC1D-4B9E-485F-AD4B-2C8DD2B75848}.Release|Mixed Platforms.ActiveCfg = Release|x86
		{A9ECEC1D-4B9E-485F-AD4B-2C8DD2B75848}.Release|Mixed Platforms.Build.0 = Release|x86
		{A9ECEC1D-4B9E-485F-AD4B-2C8DD2B75848}.Release|x86.ActiveCfg = Release|x86
		{A9ECEC1D-4B9E-485F-AD4B-2C8DD2B75848}.Release|x86.Build.0 = Release|x86
		{0F03C1AF-8F3F-474C-949F-29F1189B3698}.Debug|Any CPU.ActiveCfg = Debug|Any CPU
		{0F03C1AF-8F3F-474C-949F-29F1189B3698}.Debug|Any CPU.Build.0 = Debug|Any CPU
		{0F03C1AF-8F3F-474C-949F-29F1189B3698}.Debug|Mixed Platforms.ActiveCfg = Debug|Any CPU
		{0F03C1AF-8F3F-474C-949F-29F1189B3698}.Debug|Mixed Platforms.Build.0 = Debug|Any CPU
		{0F03C1AF-8F3F-474C-949F-29F1189B3698}.Debug|x86.ActiveCfg = Debug|Any CPU
		{0F03C1AF-8F3F-474C-949F-29F1189B3698}.Release|Any CPU.ActiveCfg = Release|Any CPU
		{0F03C1AF-8F3F-474C-949F-29F1189B3698}.Release|Any CPU.Build.0 = Release|Any CPU
		{0F03C1AF-8F3F-474C-949F-29F1189B3698}.Release|Mixed Platforms.ActiveCfg = Release|Any CPU
		{0F03C1AF-8F3F-474C-949F-29F1189B3698}.Release|Mixed Platforms.Build.0 = Release|Any CPU
		{0F03C1AF-8F3F-474C-949F-29F1189B3698}.Release|x86.ActiveCfg = Release|Any CPU
	EndGlobalSection
	GlobalSection(SolutionProperties) = preSolution
		HideSolutionNode = FALSE
	EndGlobalSection
	GlobalSection(ExtensibilityGlobals) = postSolution
		EnterpriseLibraryConfigurationToolBinariesPath = packages\Unity.2.1.505.0\lib\NET35
		SolutionGuid = {E6266AEE-56B1-4B95-B1D3-4EAE0AC45048}
	EndGlobalSection
EndGlobal
